// !$*UTF8*$!
{
	archiveVersion = 1;
	classes = {
	};
	objectVersion = 46;
	objects = {

/* Begin PBXBuildFile section */
		F19E57F21AB2609500B5BD47 /* main.cpp in Sources */ = {isa = PBXBuildFile; fileRef = F19E57F11AB2609500B5BD47 /* main.cpp */; };
/* End PBXBuildFile section */

/* Begin PBXCopyFilesBuildPhase section */
		F19E57EC1AB2609500B5BD47 /* CopyFiles */ = {
			isa = PBXCopyFilesBuildPhase;
			buildActionMask = 2147483647;
			dstPath = /usr/share/man/man1/;
			dstSubfolderSpec = 0;
			files = (
			);
			runOnlyForDeploymentPostprocessing = 1;
		};
/* End PBXCopyFilesBuildPhase section */

/* Begin PBXFileReference section */
		F19E57EE1AB2609500B5BD47 /* Peterson_mutex */ = {isa = PBXFileReference; explicitFileType = "compiled.mach-o.executable"; includeInIndex = 0; path = Peterson_mutex; sourceTree = BUILT_PRODUCTS_DIR; };
		F19E57F11AB2609500B5BD47 /* main.cpp */ = {isa = PBXFileReference; lastKnownFileType = sourcecode.cpp.cpp; path = main.cpp; sourceTree = "<group>"; };
		F19E57F81AB260BC00B5BD47 /* peterson_mutex.h */ = {isa = PBXFileReference; lastKnownFileType = sourcecode.c.h; path = peterson_mutex.h; sourceTree = "<group>"; };
/* End PBXFileReference section */

/* Begin PBXFrameworksBuildPhase section */
		F19E57EB1AB2609500B5BD47 /* Frameworks */ = {
			isa = PBXFrameworksBuildPhase;
			buildActionMask = 2147483647;
			files = (
			);
			runOnlyForDeploymentPostprocessing = 0;
		};
/* End PBXFrameworksBuildPhase section */

/* Begin PBXGroup section */
		F19E57E51AB2609500B5BD47 = {
			isa = PBXGroup;
			children = (
				F19E57F01AB2609500B5BD47 /* Peterson_mutex */,
				F19E57EF1AB2609500B5BD47 /* Products */,
			);
			sourceTree = "<group>";
		};
		F19E57EF1AB2609500B5BD47 /* Products */ = {
			isa = PBXGroup;
			children = (
				F19E57EE1AB2609500B5BD47 /* Peterson_mutex */,
			);
			name = Products;
			sourceTree = "<group>";
		};
		F19E57F01AB2609500B5BD47 /* Peterson_mutex */ = {
			isa = PBXGroup;
			children = (
				F19E57F11AB2609500B5BD47 /* main.cpp */,
				F19E57F81AB260BC00B5BD47 /* peterson_mutex.h */,
			);
			path = Peterson_mutex;
			sourceTree = "<group>";
		};
/* End PBXGroup section */

/* Begin PBXNativeTarget section */
		F19E57ED1AB2609500B5BD47 /* Peterson_mutex */ = {
			isa = PBXNativeTarget;
			buildConfigurationList = F19E57F51AB2609500B5BD47 /* Build configuration list for PBXNativeTarget "Peterson_mutex" */;
			buildPhases = (
				F19E57EA1AB2609500B5BD47 /* Sources */,
				F19E57EB1AB2609500B5BD47 /* Frameworks */,
				F19E57EC1AB2609500B5BD47 /* CopyFiles */,
			);
			buildRules = (
			);
			dependencies = (
			);
			name = Peterson_mutex;
			productName = Peterson_mutex;
			productReference = F19E57EE1AB2609500B5BD47 /* Peterson_mutex */;
			productType = "com.apple.product-type.tool";
		};
/* End PBXNativeTarget section */

/* Begin PBXProject section */
		F19E57E61AB2609500B5BD47 /* Project object */ = {
			isa = PBXProject;
			attributes = {
				LastUpgradeCheck = 0620;
				ORGANIZATIONNAME = mipt;
				TargetAttributes = {
					F19E57ED1AB2609500B5BD47 = {
						CreatedOnToolsVersion = 6.2;
					};
				};
			};
			buildConfigurationList = F19E57E91AB2609500B5BD47 /* Build configuration list for PBXProject "Peterson_mutex" */;
			compatibilityVersion = "Xcode 3.2";
			developmentRegion = English;
			hasScannedForEncodings = 0;
			knownRegions = (
				en,
			);
			mainGroup = F19E57E51AB2609500B5BD47;
			productRefGroup = F19E57EF1AB2609500B5BD47 /* Products */;
			projectDirPath = "";
			projectRoot = "";
			targets = (
				F19E57ED1AB2609500B5BD47 /* Peterson_mutex */,
			);
		};
/* End PBXProject section */

/* Begin PBXSourcesBuildPhase section */
		F19E57EA1AB2609500B5BD47 /* Sources */ = {
			isa = PBXSourcesBuildPhase;
			buildActionMask = 2147483647;
			files = (
				F19E57F21AB2609500B5BD47 /* main.cpp in Sources */,
			);
			runOnlyForDeploymentPostprocessing = 0;
		};
/* End PBXSourcesBuildPhase section */

/* Begin XCBuildConfiguration section */
		F19E57F31AB2609500B5BD47 /* Debug */ = {
			isa = XCBuildConfiguration;
			buildSettings = {
				ALWAYS_SEARCH_USER_PATHS = NO;
				CLANG_CXX_LANGUAGE_STANDARD = "gnu++0x";
				CLANG_CXX_LIBRARY = "libc++";
				CLANG_ENABLE_MODULES = YES;
				CLANG_ENABLE_OBJC_ARC = YES;
				CLANG_WARN_BOOL_CONVERSION = YES;
				CLANG_WARN_CONSTANT_CONVERSION = YES;
				CLANG_WARN_DIRECT_OBJC_ISA_USAGE = YES_ERROR;
				CLANG_WARN_EMPTY_BODY = YES;
				CLANG_WARN_ENUM_CONVERSION = YES;
				CLANG_WARN_INT_CONVERSION = YES;
				CLANG_WARN_OBJC_ROOT_CLASS = YES_ERROR;
				CLANG_WARN_UNREACHABLE_CODE = YES;
				CLANG_WARN__DUPLICATE_METHOD_MATCH = YES;
				COPY_PHASE_STRIP = NO;
				ENABLE_STRICT_OBJC_MSGSEND = YES;
				GCC_C_LANGUAGE_STANDARD = gnu99;
				GCC_DYNAMIC_NO_PIC = NO;
				GCC_OPTIMIZATION_LEVEL = 0;
				GCC_PREPROCESSOR_DEFINITIONS = (
					"DEBUG=1",
					"$(inherited)",
				);
				GCC_SYMBOLS_PRIVATE_EXTERN = NO;
				GCC_WARN_64_TO_32_BIT_CONVERSION = YES;
				GCC_WARN_ABOUT_RETURN_TYPE = YES_ERROR;
				GCC_WARN_UNDECLARED_SELECTOR = YES;
				GCC_WARN_UNINITIALIZED_AUTOS = YES_AGGRESSIVE;
				GCC_WARN_UNUSED_FUNCTION = YES;
				GCC_WARN_UNUSED_VARIABLE = YES;
				MACOSX_DEPLOYMENT_TARGET = 10.10;
				MTL_ENABLE_DEBUG_INFO = YES;
				ONLY_ACTIVE_ARCH = YES;
				SDKROOT = macosx;
			};
			name = Debug;
		};
		F19E57F41AB2609500B5BD47 /* Release */ = {
			isa = XCBuildConfiguration;
			buildSettings = {
				ALWAYS_SEARCH_USER_PATHS = NO;
				CLANG_CXX_LANGUAGE_STANDARD = "gnu++0x";
				CLANG_CXX_LIBRARY = "libc++";
				CLANG_ENABLE_MODULES = YES;
				CLANG_ENABLE_OBJC_ARC = YES;
				CLANG_WARN_BOOL_CONVERSION = YES;
				CLANG_WARN_CONSTANT_CONVERSION = YES;
				CLANG_WARN_DIRECT_OBJC_ISA_USAGE = YES_ERROR;
				CLANG_WARN_EMPTY_BODY = YES;
				CLANG_WARN_ENUM_CONVERSION = YES;
				CLANG_WARN_INT_CONVERSION = YES;
				CLANG_WARN_OBJC_ROOT_CLASS = YES_ERROR;
				CLANG_WARN_UNREACHABLE_CODE = YES;
				CLANG_WARN__DUPLICATE_METHOD_MATCH = YES;
				COPY_PHASE_STRIP = NO;
				DEBUG_INFORMATION_FORMAT = "dwarf-with-dsym";
				ENABLE_NS_ASSERTIONS = NO;
				ENABLE_STRICT_OBJC_MSGSEND = YES;
				GCC_C_LANGUAGE_STANDARD = gnu99;
				GCC_WARN_64_TO_32_BIT_CONVERSION = YES;
				GCC_WARN_ABOUT_RETURN_TYPE = YES_ERROR;
				GCC_WARN_UNDECLARED_SELECTOR = YES;
				GCC_WARN_UNINITIALIZED_AUTOS = YES_AGGRESSIVE;
				GCC_WARN_UNUSED_FUNCTION = YES;
				GCC_WARN_UNUSED_VARIABLE = YES;
				MACOSX_DEPLOYMENT_TARGET = 10.10;
				MTL_ENABLE_DEBUG_INFO = NO;
				SDKROOT = macosx;
			};
			name = Release;
		};
		F19E57F61AB2609500B5BD47 /* Debug */ = {
			isa = XCBuildConfiguration;
			buildSettings = {
				PRODUCT_NAME = "$(TARGET_NAME)";
			};
			name = Debug;
		};
		F19E57F71AB2609500B5BD47 /* Release */ = {
			isa = XCBuildConfiguration;
			buildSettings = {
				PRODUCT_NAME = "$(TARGET_NAME)";
			};
			name = Release;
		};
/* End XCBuildConfiguration section */

/* Begin XCConfigurationList section */
		F19E57E91AB2609500B5BD47 /* Build configuration list for PBXProject "Peterson_mutex" */ = {
			isa = XCConfigurationList;
			buildConfigurations = (
				F19E57F31AB2609500B5BD47 /* Debug */,
				F19E57F41AB2609500B5BD47 /* Release */,
			);
			defaultConfigurationIsVisible = 0;
			defaultConfigurationName = Release;
		};
		F19E57F51AB2609500B5BD47 /* Build configuration list for PBXNativeTarget "Peterson_mutex" */ = {
			isa = XCConfigurationList;
			buildConfigurations = (
				F19E57F61AB2609500B5BD47 /* Debug */,
				F19E57F71AB2609500B5BD47 /* Release */,
			);
			defaultConfigurationIsVisible = 0;
		};
/* End XCConfigurationList section */
	};
	rootObject = F19E57E61AB2609500B5BD47 /* Project object */;
}
